
Microsoft Visual Studio Solution File, Format Version 12.00
# Visual Studio Version 17
VisualStudioVersion = 17.8.34525.116
MinimumVisualStudioVersion = 10.0.40219.1
Project("{FAE04EC0-301F-11D3-BF4B-00C04F79EFBC}") = "1322 Class Exercise", "1322 Class Exercise\1322 Class Exercise.csproj", "{84482D87-3093-4546-849B-A4635D5929DE}"
EndProject
Global
	GlobalSection(SolutionConfigurationPlatforms) = preSolution
		Debug|Any CPU = Debug|Any CPU
		Release|Any CPU = Release|Any CPU
	EndGlobalSection
	GlobalSection(ProjectConfigurationPlatforms) = postSolution
		{84482D87-3093-4546-849B-A4635D5929DE}.Debug|Any CPU.ActiveCfg = Debug|Any CPU
		{84482D87-3093-4546-849B-A4635D5929DE}.Debug|Any CPU.Build.0 = Debug|Any CPU
		{84482D87-3093-4546-849B-A4635D5929DE}.Release|Any CPU.ActiveCfg = Release|Any CPU
		{84482D87-3093-4546-849B-A4635D5929DE}.Release|Any CPU.Build.0 = Release|Any CPU
	EndGlobalSection
	GlobalSection(SolutionProperties) = preSolution
		HideSolutionNode = FALSE
	EndGlobalSection
	GlobalSection(ExtensibilityGlobals) = postSolution
		SolutionGuid = {A36E29C9-6D43-4C6E-8104-A90066DD5A49}
	EndGlobalSection
EndGlobal
